
Microsoft Visual Studio Solution File, Format Version 12.00
# Visual Studio Version 17
VisualStudioVersion = 17.0.31912.275
MinimumVisualStudioVersion = 10.0.40219.1
Project("{2150E333-8FDC-42A3-9474-1A3956D46DE8}") = "src", "src", "{B14D2400-D6AA-4588-9226-B771B4212361}"
EndProject
Project("{2150E333-8FDC-42A3-9474-1A3956D46DE8}") = "test", "test", "{EFD4722E-0D3F-4725-9A6A-8A3C0E506BB7}"
EndProject
Project("{9A19103F-16F7-4668-BE54-9A1E7A4F7556}") = "Sindie.ApiService.WebApi", "Sindie.ApiService.WebApi\Sindie.ApiService.WebApi.csproj", "{E537C793-ED5C-4932-AF81-24DAAD49CE19}"
EndProject
Project("{9A19103F-16F7-4668-BE54-9A1E7A4F7556}") = "Sindie.ApiService.Storage.Postgresql", "Sindie.ApiService.Storage.Postgresql\Sindie.ApiService.Storage.Postgresql.csproj", "{4E96C899-BB38-4589-959A-F6744D56D261}"
EndProject
Project("{9A19103F-16F7-4668-BE54-9A1E7A4F7556}") = "Sindie.ApiService.UnitTest", "Sindie.ApiService.UnitTest\Sindie.ApiService.UnitTest.csproj", "{16320B02-5971-4BB4-A775-454FC2432B8B}"
	ProjectSection(ProjectDependencies) = postProject
		{5E0F5EE0-BC41-4347-8D63-1B40489DB4FD} = {5E0F5EE0-BC41-4347-8D63-1B40489DB4FD}
	EndProjectSection
EndProject
Project("{2150E333-8FDC-42A3-9474-1A3956D46DE8}") = "Solution Items", "Solution Items", "{6AC67729-86D7-4E96-8940-5392971794A5}"
	ProjectSection(SolutionItems) = preProject
		.editorconfig = .editorconfig
	EndProjectSection
EndProject
Project("{9A19103F-16F7-4668-BE54-9A1E7A4F7556}") = "Sindie.ApiService.Core", "Sindie.ApiService.Core\Sindie.ApiService.Core.csproj", "{5E0F5EE0-BC41-4347-8D63-1B40489DB4FD}"
EndProject
Project("{9A19103F-16F7-4668-BE54-9A1E7A4F7556}") = "PilotProject", "PilotProject\PilotProject.csproj", "{00F1A371-3DC4-4D6C-8981-75096B05D94F}"
EndProject
Project("{FAE04EC0-301F-11D3-BF4B-00C04F79EFBC}") = "Witcher.MVC", "Witcher.MVC\Witcher.MVC.csproj", "{27F04267-1D55-4EDD-AA0F-B80ECDEAA9C1}"
	ProjectSection(ProjectDependencies) = postProject
		{4E96C899-BB38-4589-959A-F6744D56D261} = {4E96C899-BB38-4589-959A-F6744D56D261}
		{5E0F5EE0-BC41-4347-8D63-1B40489DB4FD} = {5E0F5EE0-BC41-4347-8D63-1B40489DB4FD}
	EndProjectSection
EndProject
Global
	GlobalSection(SolutionConfigurationPlatforms) = preSolution
		Debug|Any CPU = Debug|Any CPU
		Release|Any CPU = Release|Any CPU
	EndGlobalSection
	GlobalSection(ProjectConfigurationPlatforms) = postSolution
		{E537C793-ED5C-4932-AF81-24DAAD49CE19}.Debug|Any CPU.ActiveCfg = Debug|Any CPU
		{E537C793-ED5C-4932-AF81-24DAAD49CE19}.Debug|Any CPU.Build.0 = Debug|Any CPU
		{E537C793-ED5C-4932-AF81-24DAAD49CE19}.Release|Any CPU.ActiveCfg = Release|Any CPU
		{E537C793-ED5C-4932-AF81-24DAAD49CE19}.Release|Any CPU.Build.0 = Release|Any CPU
		{4E96C899-BB38-4589-959A-F6744D56D261}.Debug|Any CPU.ActiveCfg = Debug|Any CPU
		{4E96C899-BB38-4589-959A-F6744D56D261}.Debug|Any CPU.Build.0 = Debug|Any CPU
		{4E96C899-BB38-4589-959A-F6744D56D261}.Release|Any CPU.ActiveCfg = Release|Any CPU
		{4E96C899-BB38-4589-959A-F6744D56D261}.Release|Any CPU.Build.0 = Release|Any CPU
		{16320B02-5971-4BB4-A775-454FC2432B8B}.Debug|Any CPU.ActiveCfg = Debug|Any CPU
		{16320B02-5971-4BB4-A775-454FC2432B8B}.Debug|Any CPU.Build.0 = Debug|Any CPU
		{16320B02-5971-4BB4-A775-454FC2432B8B}.Release|Any CPU.ActiveCfg = Release|Any CPU
		{16320B02-5971-4BB4-A775-454FC2432B8B}.Release|Any CPU.Build.0 = Release|Any CPU
		{5E0F5EE0-BC41-4347-8D63-1B40489DB4FD}.Debug|Any CPU.ActiveCfg = Debug|Any CPU
		{5E0F5EE0-BC41-4347-8D63-1B40489DB4FD}.Debug|Any CPU.Build.0 = Debug|Any CPU
		{5E0F5EE0-BC41-4347-8D63-1B40489DB4FD}.Release|Any CPU.ActiveCfg = Release|Any CPU
		{5E0F5EE0-BC41-4347-8D63-1B40489DB4FD}.Release|Any CPU.Build.0 = Release|Any CPU
		{00F1A371-3DC4-4D6C-8981-75096B05D94F}.Debug|Any CPU.ActiveCfg = Debug|Any CPU
		{00F1A371-3DC4-4D6C-8981-75096B05D94F}.Debug|Any CPU.Build.0 = Debug|Any CPU
		{00F1A371-3DC4-4D6C-8981-75096B05D94F}.Release|Any CPU.ActiveCfg = Release|Any CPU
		{00F1A371-3DC4-4D6C-8981-75096B05D94F}.Release|Any CPU.Build.0 = Release|Any CPU
		{27F04267-1D55-4EDD-AA0F-B80ECDEAA9C1}.Debug|Any CPU.ActiveCfg = Debug|Any CPU
		{27F04267-1D55-4EDD-AA0F-B80ECDEAA9C1}.Debug|Any CPU.Build.0 = Debug|Any CPU
		{27F04267-1D55-4EDD-AA0F-B80ECDEAA9C1}.Release|Any CPU.ActiveCfg = Release|Any CPU
		{27F04267-1D55-4EDD-AA0F-B80ECDEAA9C1}.Release|Any CPU.Build.0 = Release|Any CPU
	EndGlobalSection
	GlobalSection(SolutionProperties) = preSolution
		HideSolutionNode = FALSE
	EndGlobalSection
	GlobalSection(NestedProjects) = preSolution
		{E537C793-ED5C-4932-AF81-24DAAD49CE19} = {B14D2400-D6AA-4588-9226-B771B4212361}
		{4E96C899-BB38-4589-959A-F6744D56D261} = {B14D2400-D6AA-4588-9226-B771B4212361}
		{16320B02-5971-4BB4-A775-454FC2432B8B} = {EFD4722E-0D3F-4725-9A6A-8A3C0E506BB7}
		{5E0F5EE0-BC41-4347-8D63-1B40489DB4FD} = {B14D2400-D6AA-4588-9226-B771B4212361}
		{27F04267-1D55-4EDD-AA0F-B80ECDEAA9C1} = {B14D2400-D6AA-4588-9226-B771B4212361}
	EndGlobalSection
	GlobalSection(ExtensibilityGlobals) = postSolution
		SolutionGuid = {B1A21D2E-F09F-4DFA-ABBE-A606D86EB041}
	EndGlobalSection
EndGlobal
