
Microsoft Visual Studio Solution File, Format Version 12.00
# Visual Studio Version 17
VisualStudioVersion = 17.0.31912.275
MinimumVisualStudioVersion = 10.0.40219.1
Project("{2150E333-8FDC-42A3-9474-1A3956D46DE8}") = "Solution Items", "Solution Items", "{6AC67729-86D7-4E96-8940-5392971794A5}"
	ProjectSection(SolutionItems) = preProject
		.editorconfig = .editorconfig
	EndProjectSection
EndProject
Project("{2150E333-8FDC-42A3-9474-1A3956D46DE8}") = "Core", "Core", "{FBF56CC3-7AE6-AD2D-3F14-7F97FD322CD6}"
EndProject
Project("{FAE04EC0-301F-11D3-BF4B-00C04F79EFBC}") = "Wastelands.Core.Contracts", "Core\Wastelands.Core.Contracts\Wastelands.Core.Contracts.csproj", "{25BED105-20FF-4C8C-A032-8DE1B86A80EA}"
EndProject
Project("{FAE04EC0-301F-11D3-BF4B-00C04F79EFBC}") = "Wastelands.Core.EfDataAccess", "Core\Wastelands.Core.EfDataAccess\Wastelands.Core.EfDataAccess.csproj", "{A3E01303-6D0C-406E-B321-53A348E93D7E}"
EndProject
Project("{FAE04EC0-301F-11D3-BF4B-00C04F79EFBC}") = "Wastelands.Service.Domain", "Core\Wastelands.Service.Domain\Wastelands.Service.Domain.csproj", "{C57DF464-97A2-4765-B6A1-E4EDDE8FB9C6}"
EndProject
Project("{FAE04EC0-301F-11D3-BF4B-00C04F79EFBC}") = "Wastelands.Service.Application", "Core\Wastelands.Service.Application\Wastelands.Service.Application.csproj", "{EDC8F35C-6BEE-49DF-A4A4-8C940982547F}"
EndProject
Project("{2150E333-8FDC-42A3-9474-1A3956D46DE8}") = "Infrastructure", "Infrastructure", "{DFEE68D8-A7D0-1A41-506C-9B74AA9A7B7B}"
EndProject
Project("{FAE04EC0-301F-11D3-BF4B-00C04F79EFBC}") = "Wastelands.EfDataAccess", "Infrastructure\Wastelands.EfDataAccess\Wastelands.EfDataAccess.csproj", "{5AF4B777-3E63-4657-A1DD-301130AE0DBE}"
EndProject
Project("{FAE04EC0-301F-11D3-BF4B-00C04F79EFBC}") = "Wastelands.Service.Infrastructure", "Infrastructure\Wastelands.Service.Infrastructure\Wastelands.Service.Infrastructure.csproj", "{EBCA0C0B-251F-4D06-9D5E-C86F56F149A6}"
EndProject
Project("{FAE04EC0-301F-11D3-BF4B-00C04F79EFBC}") = "Wastelands.Minio", "Infrastructure\Wastelands.Minio\Wastelands.Minio.csproj", "{DB94B3B7-5C4E-44F0-99C8-B81832D21EB1}"
EndProject
Project("{2150E333-8FDC-42A3-9474-1A3956D46DE8}") = "Services", "Services", "{5854FF58-B8C5-05C6-5BF2-ACE42193F22B}"
EndProject
Project("{FAE04EC0-301F-11D3-BF4B-00C04F79EFBC}") = "Wastelands.API", "Services\Wastelands.API\Wastelands.API.csproj", "{5F0F2AD0-C3F8-4C91-97F0-4182AD742609}"
EndProject
Project("{FAE04EC0-301F-11D3-BF4B-00C04F79EFBC}") = "Wastelands.Service.Domain.UnitTest", "Core\Wastelands.Service.Domain.UnitTest\Wastelands.Service.Domain.UnitTest.csproj", "{F1ADA077-C1A3-433B-B897-FDFECEE765C2}"
EndProject
Project("{FAE04EC0-301F-11D3-BF4B-00C04F79EFBC}") = "Wastelands.Service.Application.UnitTest", "Core\Wastelands.Service.Application.UnitTest\Wastelands.Service.Application.UnitTest.csproj", "{47584961-80B9-4543-AB17-760D2B7C2589}"
EndProject
Project("{FAE04EC0-301F-11D3-BF4B-00C04F79EFBC}") = "Wastelands.Service.Infrastructure.IntegrationTest", "Infrastructure\Wastelands.Service.Infrastructure.IntegrationTest\Wastelands.Service.Infrastructure.IntegrationTest.csproj", "{64D23027-3135-4AF6-8362-86FD148BF04A}"
EndProject
Global
	GlobalSection(SolutionConfigurationPlatforms) = preSolution
		Debug|Any CPU = Debug|Any CPU
		Debug|x64 = Debug|x64
		Debug|x86 = Debug|x86
		Release|Any CPU = Release|Any CPU
		Release|x64 = Release|x64
		Release|x86 = Release|x86
	EndGlobalSection
	GlobalSection(ProjectConfigurationPlatforms) = postSolution
		{25BED105-20FF-4C8C-A032-8DE1B86A80EA}.Debug|Any CPU.ActiveCfg = Debug|Any CPU
		{25BED105-20FF-4C8C-A032-8DE1B86A80EA}.Debug|Any CPU.Build.0 = Debug|Any CPU
		{25BED105-20FF-4C8C-A032-8DE1B86A80EA}.Debug|x64.ActiveCfg = Debug|Any CPU
		{25BED105-20FF-4C8C-A032-8DE1B86A80EA}.Debug|x64.Build.0 = Debug|Any CPU
		{25BED105-20FF-4C8C-A032-8DE1B86A80EA}.Debug|x86.ActiveCfg = Debug|Any CPU
		{25BED105-20FF-4C8C-A032-8DE1B86A80EA}.Debug|x86.Build.0 = Debug|Any CPU
		{25BED105-20FF-4C8C-A032-8DE1B86A80EA}.Release|Any CPU.ActiveCfg = Release|Any CPU
		{25BED105-20FF-4C8C-A032-8DE1B86A80EA}.Release|Any CPU.Build.0 = Release|Any CPU
		{25BED105-20FF-4C8C-A032-8DE1B86A80EA}.Release|x64.ActiveCfg = Release|Any CPU
		{25BED105-20FF-4C8C-A032-8DE1B86A80EA}.Release|x64.Build.0 = Release|Any CPU
		{25BED105-20FF-4C8C-A032-8DE1B86A80EA}.Release|x86.ActiveCfg = Release|Any CPU
		{25BED105-20FF-4C8C-A032-8DE1B86A80EA}.Release|x86.Build.0 = Release|Any CPU
		{A3E01303-6D0C-406E-B321-53A348E93D7E}.Debug|Any CPU.ActiveCfg = Debug|Any CPU
		{A3E01303-6D0C-406E-B321-53A348E93D7E}.Debug|Any CPU.Build.0 = Debug|Any CPU
		{A3E01303-6D0C-406E-B321-53A348E93D7E}.Debug|x64.ActiveCfg = Debug|Any CPU
		{A3E01303-6D0C-406E-B321-53A348E93D7E}.Debug|x64.Build.0 = Debug|Any CPU
		{A3E01303-6D0C-406E-B321-53A348E93D7E}.Debug|x86.ActiveCfg = Debug|Any CPU
		{A3E01303-6D0C-406E-B321-53A348E93D7E}.Debug|x86.Build.0 = Debug|Any CPU
		{A3E01303-6D0C-406E-B321-53A348E93D7E}.Release|Any CPU.ActiveCfg = Release|Any CPU
		{A3E01303-6D0C-406E-B321-53A348E93D7E}.Release|Any CPU.Build.0 = Release|Any CPU
		{A3E01303-6D0C-406E-B321-53A348E93D7E}.Release|x64.ActiveCfg = Release|Any CPU
		{A3E01303-6D0C-406E-B321-53A348E93D7E}.Release|x64.Build.0 = Release|Any CPU
		{A3E01303-6D0C-406E-B321-53A348E93D7E}.Release|x86.ActiveCfg = Release|Any CPU
		{A3E01303-6D0C-406E-B321-53A348E93D7E}.Release|x86.Build.0 = Release|Any CPU
		{C57DF464-97A2-4765-B6A1-E4EDDE8FB9C6}.Debug|Any CPU.ActiveCfg = Debug|Any CPU
		{C57DF464-97A2-4765-B6A1-E4EDDE8FB9C6}.Debug|Any CPU.Build.0 = Debug|Any CPU
		{C57DF464-97A2-4765-B6A1-E4EDDE8FB9C6}.Debug|x64.ActiveCfg = Debug|Any CPU
		{C57DF464-97A2-4765-B6A1-E4EDDE8FB9C6}.Debug|x64.Build.0 = Debug|Any CPU
		{C57DF464-97A2-4765-B6A1-E4EDDE8FB9C6}.Debug|x86.ActiveCfg = Debug|Any CPU
		{C57DF464-97A2-4765-B6A1-E4EDDE8FB9C6}.Debug|x86.Build.0 = Debug|Any CPU
		{C57DF464-97A2-4765-B6A1-E4EDDE8FB9C6}.Release|Any CPU.ActiveCfg = Release|Any CPU
		{C57DF464-97A2-4765-B6A1-E4EDDE8FB9C6}.Release|Any CPU.Build.0 = Release|Any CPU
		{C57DF464-97A2-4765-B6A1-E4EDDE8FB9C6}.Release|x64.ActiveCfg = Release|Any CPU
		{C57DF464-97A2-4765-B6A1-E4EDDE8FB9C6}.Release|x64.Build.0 = Release|Any CPU
		{C57DF464-97A2-4765-B6A1-E4EDDE8FB9C6}.Release|x86.ActiveCfg = Release|Any CPU
		{C57DF464-97A2-4765-B6A1-E4EDDE8FB9C6}.Release|x86.Build.0 = Release|Any CPU
		{EDC8F35C-6BEE-49DF-A4A4-8C940982547F}.Debug|Any CPU.ActiveCfg = Debug|Any CPU
		{EDC8F35C-6BEE-49DF-A4A4-8C940982547F}.Debug|Any CPU.Build.0 = Debug|Any CPU
		{EDC8F35C-6BEE-49DF-A4A4-8C940982547F}.Debug|x64.ActiveCfg = Debug|Any CPU
		{EDC8F35C-6BEE-49DF-A4A4-8C940982547F}.Debug|x64.Build.0 = Debug|Any CPU
		{EDC8F35C-6BEE-49DF-A4A4-8C940982547F}.Debug|x86.ActiveCfg = Debug|Any CPU
		{EDC8F35C-6BEE-49DF-A4A4-8C940982547F}.Debug|x86.Build.0 = Debug|Any CPU
		{EDC8F35C-6BEE-49DF-A4A4-8C940982547F}.Release|Any CPU.ActiveCfg = Release|Any CPU
		{EDC8F35C-6BEE-49DF-A4A4-8C940982547F}.Release|Any CPU.Build.0 = Release|Any CPU
		{EDC8F35C-6BEE-49DF-A4A4-8C940982547F}.Release|x64.ActiveCfg = Release|Any CPU
		{EDC8F35C-6BEE-49DF-A4A4-8C940982547F}.Release|x64.Build.0 = Release|Any CPU
		{EDC8F35C-6BEE-49DF-A4A4-8C940982547F}.Release|x86.ActiveCfg = Release|Any CPU
		{EDC8F35C-6BEE-49DF-A4A4-8C940982547F}.Release|x86.Build.0 = Release|Any CPU
		{5AF4B777-3E63-4657-A1DD-301130AE0DBE}.Debug|Any CPU.ActiveCfg = Debug|Any CPU
		{5AF4B777-3E63-4657-A1DD-301130AE0DBE}.Debug|Any CPU.Build.0 = Debug|Any CPU
		{5AF4B777-3E63-4657-A1DD-301130AE0DBE}.Debug|x64.ActiveCfg = Debug|Any CPU
		{5AF4B777-3E63-4657-A1DD-301130AE0DBE}.Debug|x64.Build.0 = Debug|Any CPU
		{5AF4B777-3E63-4657-A1DD-301130AE0DBE}.Debug|x86.ActiveCfg = Debug|Any CPU
		{5AF4B777-3E63-4657-A1DD-301130AE0DBE}.Debug|x86.Build.0 = Debug|Any CPU
		{5AF4B777-3E63-4657-A1DD-301130AE0DBE}.Release|Any CPU.ActiveCfg = Release|Any CPU
		{5AF4B777-3E63-4657-A1DD-301130AE0DBE}.Release|Any CPU.Build.0 = Release|Any CPU
		{5AF4B777-3E63-4657-A1DD-301130AE0DBE}.Release|x64.ActiveCfg = Release|Any CPU
		{5AF4B777-3E63-4657-A1DD-301130AE0DBE}.Release|x64.Build.0 = Release|Any CPU
		{5AF4B777-3E63-4657-A1DD-301130AE0DBE}.Release|x86.ActiveCfg = Release|Any CPU
		{5AF4B777-3E63-4657-A1DD-301130AE0DBE}.Release|x86.Build.0 = Release|Any CPU
		{EBCA0C0B-251F-4D06-9D5E-C86F56F149A6}.Debug|Any CPU.ActiveCfg = Debug|Any CPU
		{EBCA0C0B-251F-4D06-9D5E-C86F56F149A6}.Debug|Any CPU.Build.0 = Debug|Any CPU
		{EBCA0C0B-251F-4D06-9D5E-C86F56F149A6}.Debug|x64.ActiveCfg = Debug|Any CPU
		{EBCA0C0B-251F-4D06-9D5E-C86F56F149A6}.Debug|x64.Build.0 = Debug|Any CPU
		{EBCA0C0B-251F-4D06-9D5E-C86F56F149A6}.Debug|x86.ActiveCfg = Debug|Any CPU
		{EBCA0C0B-251F-4D06-9D5E-C86F56F149A6}.Debug|x86.Build.0 = Debug|Any CPU
		{EBCA0C0B-251F-4D06-9D5E-C86F56F149A6}.Release|Any CPU.ActiveCfg = Release|Any CPU
		{EBCA0C0B-251F-4D06-9D5E-C86F56F149A6}.Release|Any CPU.Build.0 = Release|Any CPU
		{EBCA0C0B-251F-4D06-9D5E-C86F56F149A6}.Release|x64.ActiveCfg = Release|Any CPU
		{EBCA0C0B-251F-4D06-9D5E-C86F56F149A6}.Release|x64.Build.0 = Release|Any CPU
		{EBCA0C0B-251F-4D06-9D5E-C86F56F149A6}.Release|x86.ActiveCfg = Release|Any CPU
		{EBCA0C0B-251F-4D06-9D5E-C86F56F149A6}.Release|x86.Build.0 = Release|Any CPU
		{DB94B3B7-5C4E-44F0-99C8-B81832D21EB1}.Debug|Any CPU.ActiveCfg = Debug|Any CPU
		{DB94B3B7-5C4E-44F0-99C8-B81832D21EB1}.Debug|Any CPU.Build.0 = Debug|Any CPU
		{DB94B3B7-5C4E-44F0-99C8-B81832D21EB1}.Debug|x64.ActiveCfg = Debug|Any CPU
		{DB94B3B7-5C4E-44F0-99C8-B81832D21EB1}.Debug|x64.Build.0 = Debug|Any CPU
		{DB94B3B7-5C4E-44F0-99C8-B81832D21EB1}.Debug|x86.ActiveCfg = Debug|Any CPU
		{DB94B3B7-5C4E-44F0-99C8-B81832D21EB1}.Debug|x86.Build.0 = Debug|Any CPU
		{DB94B3B7-5C4E-44F0-99C8-B81832D21EB1}.Release|Any CPU.ActiveCfg = Release|Any CPU
		{DB94B3B7-5C4E-44F0-99C8-B81832D21EB1}.Release|Any CPU.Build.0 = Release|Any CPU
		{DB94B3B7-5C4E-44F0-99C8-B81832D21EB1}.Release|x64.ActiveCfg = Release|Any CPU
		{DB94B3B7-5C4E-44F0-99C8-B81832D21EB1}.Release|x64.Build.0 = Release|Any CPU
		{DB94B3B7-5C4E-44F0-99C8-B81832D21EB1}.Release|x86.ActiveCfg = Release|Any CPU
		{DB94B3B7-5C4E-44F0-99C8-B81832D21EB1}.Release|x86.Build.0 = Release|Any CPU
		{5F0F2AD0-C3F8-4C91-97F0-4182AD742609}.Debug|Any CPU.ActiveCfg = Debug|Any CPU
		{5F0F2AD0-C3F8-4C91-97F0-4182AD742609}.Debug|Any CPU.Build.0 = Debug|Any CPU
		{5F0F2AD0-C3F8-4C91-97F0-4182AD742609}.Debug|x64.ActiveCfg = Debug|Any CPU
		{5F0F2AD0-C3F8-4C91-97F0-4182AD742609}.Debug|x64.Build.0 = Debug|Any CPU
		{5F0F2AD0-C3F8-4C91-97F0-4182AD742609}.Debug|x86.ActiveCfg = Debug|Any CPU
		{5F0F2AD0-C3F8-4C91-97F0-4182AD742609}.Debug|x86.Build.0 = Debug|Any CPU
		{5F0F2AD0-C3F8-4C91-97F0-4182AD742609}.Release|Any CPU.ActiveCfg = Release|Any CPU
		{5F0F2AD0-C3F8-4C91-97F0-4182AD742609}.Release|Any CPU.Build.0 = Release|Any CPU
		{5F0F2AD0-C3F8-4C91-97F0-4182AD742609}.Release|x64.ActiveCfg = Release|Any CPU
		{5F0F2AD0-C3F8-4C91-97F0-4182AD742609}.Release|x64.Build.0 = Release|Any CPU
		{5F0F2AD0-C3F8-4C91-97F0-4182AD742609}.Release|x86.ActiveCfg = Release|Any CPU
		{5F0F2AD0-C3F8-4C91-97F0-4182AD742609}.Release|x86.Build.0 = Release|Any CPU
		{F1ADA077-C1A3-433B-B897-FDFECEE765C2}.Debug|Any CPU.ActiveCfg = Debug|Any CPU
		{F1ADA077-C1A3-433B-B897-FDFECEE765C2}.Debug|Any CPU.Build.0 = Debug|Any CPU
		{F1ADA077-C1A3-433B-B897-FDFECEE765C2}.Debug|x64.ActiveCfg = Debug|Any CPU
		{F1ADA077-C1A3-433B-B897-FDFECEE765C2}.Debug|x64.Build.0 = Debug|Any CPU
		{F1ADA077-C1A3-433B-B897-FDFECEE765C2}.Debug|x86.ActiveCfg = Debug|Any CPU
		{F1ADA077-C1A3-433B-B897-FDFECEE765C2}.Debug|x86.Build.0 = Debug|Any CPU
		{F1ADA077-C1A3-433B-B897-FDFECEE765C2}.Release|Any CPU.ActiveCfg = Release|Any CPU
		{F1ADA077-C1A3-433B-B897-FDFECEE765C2}.Release|Any CPU.Build.0 = Release|Any CPU
		{F1ADA077-C1A3-433B-B897-FDFECEE765C2}.Release|x64.ActiveCfg = Release|Any CPU
		{F1ADA077-C1A3-433B-B897-FDFECEE765C2}.Release|x64.Build.0 = Release|Any CPU
		{F1ADA077-C1A3-433B-B897-FDFECEE765C2}.Release|x86.ActiveCfg = Release|Any CPU
		{F1ADA077-C1A3-433B-B897-FDFECEE765C2}.Release|x86.Build.0 = Release|Any CPU
		{47584961-80B9-4543-AB17-760D2B7C2589}.Debug|Any CPU.ActiveCfg = Debug|Any CPU
		{47584961-80B9-4543-AB17-760D2B7C2589}.Debug|Any CPU.Build.0 = Debug|Any CPU
		{47584961-80B9-4543-AB17-760D2B7C2589}.Debug|x64.ActiveCfg = Debug|Any CPU
		{47584961-80B9-4543-AB17-760D2B7C2589}.Debug|x64.Build.0 = Debug|Any CPU
		{47584961-80B9-4543-AB17-760D2B7C2589}.Debug|x86.ActiveCfg = Debug|Any CPU
		{47584961-80B9-4543-AB17-760D2B7C2589}.Debug|x86.Build.0 = Debug|Any CPU
		{47584961-80B9-4543-AB17-760D2B7C2589}.Release|Any CPU.ActiveCfg = Release|Any CPU
		{47584961-80B9-4543-AB17-760D2B7C2589}.Release|Any CPU.Build.0 = Release|Any CPU
		{47584961-80B9-4543-AB17-760D2B7C2589}.Release|x64.ActiveCfg = Release|Any CPU
		{47584961-80B9-4543-AB17-760D2B7C2589}.Release|x64.Build.0 = Release|Any CPU
		{47584961-80B9-4543-AB17-760D2B7C2589}.Release|x86.ActiveCfg = Release|Any CPU
		{47584961-80B9-4543-AB17-760D2B7C2589}.Release|x86.Build.0 = Release|Any CPU
		{64D23027-3135-4AF6-8362-86FD148BF04A}.Debug|Any CPU.ActiveCfg = Debug|Any CPU
		{64D23027-3135-4AF6-8362-86FD148BF04A}.Debug|Any CPU.Build.0 = Debug|Any CPU
		{64D23027-3135-4AF6-8362-86FD148BF04A}.Debug|x64.ActiveCfg = Debug|Any CPU
		{64D23027-3135-4AF6-8362-86FD148BF04A}.Debug|x64.Build.0 = Debug|Any CPU
		{64D23027-3135-4AF6-8362-86FD148BF04A}.Debug|x86.ActiveCfg = Debug|Any CPU
		{64D23027-3135-4AF6-8362-86FD148BF04A}.Debug|x86.Build.0 = Debug|Any CPU
		{64D23027-3135-4AF6-8362-86FD148BF04A}.Release|Any CPU.ActiveCfg = Release|Any CPU
		{64D23027-3135-4AF6-8362-86FD148BF04A}.Release|Any CPU.Build.0 = Release|Any CPU
		{64D23027-3135-4AF6-8362-86FD148BF04A}.Release|x64.ActiveCfg = Release|Any CPU
		{64D23027-3135-4AF6-8362-86FD148BF04A}.Release|x64.Build.0 = Release|Any CPU
		{64D23027-3135-4AF6-8362-86FD148BF04A}.Release|x86.ActiveCfg = Release|Any CPU
		{64D23027-3135-4AF6-8362-86FD148BF04A}.Release|x86.Build.0 = Release|Any CPU
	EndGlobalSection
	GlobalSection(SolutionProperties) = preSolution
		HideSolutionNode = FALSE
	EndGlobalSection
	GlobalSection(NestedProjects) = preSolution
		{25BED105-20FF-4C8C-A032-8DE1B86A80EA} = {FBF56CC3-7AE6-AD2D-3F14-7F97FD322CD6}
		{A3E01303-6D0C-406E-B321-53A348E93D7E} = {FBF56CC3-7AE6-AD2D-3F14-7F97FD322CD6}
		{C57DF464-97A2-4765-B6A1-E4EDDE8FB9C6} = {FBF56CC3-7AE6-AD2D-3F14-7F97FD322CD6}
		{EDC8F35C-6BEE-49DF-A4A4-8C940982547F} = {FBF56CC3-7AE6-AD2D-3F14-7F97FD322CD6}
		{5AF4B777-3E63-4657-A1DD-301130AE0DBE} = {DFEE68D8-A7D0-1A41-506C-9B74AA9A7B7B}
		{EBCA0C0B-251F-4D06-9D5E-C86F56F149A6} = {DFEE68D8-A7D0-1A41-506C-9B74AA9A7B7B}
		{DB94B3B7-5C4E-44F0-99C8-B81832D21EB1} = {DFEE68D8-A7D0-1A41-506C-9B74AA9A7B7B}
		{5F0F2AD0-C3F8-4C91-97F0-4182AD742609} = {5854FF58-B8C5-05C6-5BF2-ACE42193F22B}
		{F1ADA077-C1A3-433B-B897-FDFECEE765C2} = {FBF56CC3-7AE6-AD2D-3F14-7F97FD322CD6}
		{47584961-80B9-4543-AB17-760D2B7C2589} = {FBF56CC3-7AE6-AD2D-3F14-7F97FD322CD6}
		{64D23027-3135-4AF6-8362-86FD148BF04A} = {DFEE68D8-A7D0-1A41-506C-9B74AA9A7B7B}
	EndGlobalSection
	GlobalSection(ExtensibilityGlobals) = postSolution
		SolutionGuid = {B1A21D2E-F09F-4DFA-ABBE-A606D86EB041}
	EndGlobalSection
EndGlobal
