
Microsoft Visual Studio Solution File, Format Version 12.00
# Visual Studio Version 17
VisualStudioVersion = 17.0.31912.275
MinimumVisualStudioVersion = 10.0.40219.1
Project("{2150E333-8FDC-42A3-9474-1A3956D46DE8}") = "src", "src", "{B14D2400-D6AA-4588-9226-B771B4212361}"
EndProject
Project("{2150E333-8FDC-42A3-9474-1A3956D46DE8}") = "test", "test", "{EFD4722E-0D3F-4725-9A6A-8A3C0E506BB7}"
EndProject
Project("{2150E333-8FDC-42A3-9474-1A3956D46DE8}") = "Solution Items", "Solution Items", "{6AC67729-86D7-4E96-8940-5392971794A5}"
	ProjectSection(SolutionItems) = preProject
		.editorconfig = .editorconfig
	EndProjectSection
EndProject
Project("{9A19103F-16F7-4668-BE54-9A1E7A4F7556}") = "Witcher.MVC", "Witcher.MVC\Witcher.MVC.csproj", "{27F04267-1D55-4EDD-AA0F-B80ECDEAA9C1}"
	ProjectSection(ProjectDependencies) = postProject
		{1D789021-01F6-44A9-B3D6-C8AF7DA3C9E8} = {1D789021-01F6-44A9-B3D6-C8AF7DA3C9E8}
		{D24E1D0F-92E0-4294-AB76-B65C63B9A56A} = {D24E1D0F-92E0-4294-AB76-B65C63B9A56A}
	EndProjectSection
EndProject
Project("{9A19103F-16F7-4668-BE54-9A1E7A4F7556}") = "Witcher.Core", "Witcher.Core\Witcher.Core.csproj", "{D24E1D0F-92E0-4294-AB76-B65C63B9A56A}"
EndProject
Project("{9A19103F-16F7-4668-BE54-9A1E7A4F7556}") = "Witcher.Storage.Postgresql", "Witcher.Storage.Postgresql\Witcher.Storage.Postgresql.csproj", "{CE01981A-D444-45DA-B2F7-D7F61B23B766}"
EndProject
Project("{9A19103F-16F7-4668-BE54-9A1E7A4F7556}") = "Witcher.UnitTest", "Witcher.UnitTest\Witcher.UnitTest.csproj", "{6C3B9ABC-E8C2-4F89-A324-BB3ABB21E20F}"
EndProject
Project("{2150E333-8FDC-42A3-9474-1A3956D46DE8}") = "Core", "Core", "{4135AFD8-92E8-4A3E-81E2-D45C5F8EEFC8}"
EndProject
Project("{2150E333-8FDC-42A3-9474-1A3956D46DE8}") = "Infrastructure", "Infrastructure", "{4D17A883-1990-44A4-839E-425C864B5AB7}"
EndProject
Project("{FAE04EC0-301F-11D3-BF4B-00C04F79EFBC}") = "Wastelands.EfDataAccess", "Infrastructure\Wastelands.EfDataAccess\Wastelands.EfDataAccess.csproj", "{1D789021-01F6-44A9-B3D6-C8AF7DA3C9E8}"
	ProjectSection(ProjectDependencies) = postProject
		{BFCFBB81-1782-4ED6-80EE-72EFD6B2114E} = {BFCFBB81-1782-4ED6-80EE-72EFD6B2114E}
	EndProjectSection
EndProject
Project("{FAE04EC0-301F-11D3-BF4B-00C04F79EFBC}") = "Wastelands.Core.Contracts", "Core\Wastelands.Core.Contracts\Wastelands.Core.Contracts.csproj", "{5AE64D67-1664-4C4F-BCED-909160FF0D35}"
EndProject
Project("{FAE04EC0-301F-11D3-BF4B-00C04F79EFBC}") = "Wastelands.Core.DataAccess", "Core\Wastelands.Core.EfDataAccess\Wastelands.Core.DataAccess.csproj", "{BFCFBB81-1782-4ED6-80EE-72EFD6B2114E}"
EndProject
Project("{2150E333-8FDC-42A3-9474-1A3956D46DE8}") = "Services", "Services", "{06BCD15C-576A-459B-90F8-792A2A601D47}"
EndProject
Project("{FAE04EC0-301F-11D3-BF4B-00C04F79EFBC}") = "Wastelands.Service.Infrastructure", "Services\Wastelands.Service\Wastelands.Service.Infrastructure\Wastelands.Service.Infrastructure.csproj", "{2C18C962-B5EA-43D9-9539-5A08078B7356}"
EndProject
Project("{FAE04EC0-301F-11D3-BF4B-00C04F79EFBC}") = "Wastelands.Service.MVC", "Services\Wastelands.Service\Wastelands.Service.MVC\Wastelands.Service.MVC.csproj", "{8D5F31DF-F482-4CD0-89AC-8247FEB22BB0}"
	ProjectSection(ProjectDependencies) = postProject
		{1D789021-01F6-44A9-B3D6-C8AF7DA3C9E8} = {1D789021-01F6-44A9-B3D6-C8AF7DA3C9E8}
	EndProjectSection
EndProject
Project("{FAE04EC0-301F-11D3-BF4B-00C04F79EFBC}") = "Wastelands.Service.Domain", "Services\Wastelands.Service\Wastelands.Service.Domain\Wastelands.Service.Domain.csproj", "{08C3D0E6-10EF-484F-A9AE-D90B8E70904B}"
EndProject
Global
	GlobalSection(SolutionConfigurationPlatforms) = preSolution
		Debug|Any CPU = Debug|Any CPU
		Release|Any CPU = Release|Any CPU
	EndGlobalSection
	GlobalSection(ProjectConfigurationPlatforms) = postSolution
		{27F04267-1D55-4EDD-AA0F-B80ECDEAA9C1}.Debug|Any CPU.ActiveCfg = Debug|Any CPU
		{27F04267-1D55-4EDD-AA0F-B80ECDEAA9C1}.Debug|Any CPU.Build.0 = Debug|Any CPU
		{27F04267-1D55-4EDD-AA0F-B80ECDEAA9C1}.Release|Any CPU.ActiveCfg = Release|Any CPU
		{27F04267-1D55-4EDD-AA0F-B80ECDEAA9C1}.Release|Any CPU.Build.0 = Release|Any CPU
		{D24E1D0F-92E0-4294-AB76-B65C63B9A56A}.Debug|Any CPU.ActiveCfg = Debug|Any CPU
		{D24E1D0F-92E0-4294-AB76-B65C63B9A56A}.Debug|Any CPU.Build.0 = Debug|Any CPU
		{D24E1D0F-92E0-4294-AB76-B65C63B9A56A}.Release|Any CPU.ActiveCfg = Release|Any CPU
		{D24E1D0F-92E0-4294-AB76-B65C63B9A56A}.Release|Any CPU.Build.0 = Release|Any CPU
		{CE01981A-D444-45DA-B2F7-D7F61B23B766}.Debug|Any CPU.ActiveCfg = Debug|Any CPU
		{CE01981A-D444-45DA-B2F7-D7F61B23B766}.Debug|Any CPU.Build.0 = Debug|Any CPU
		{CE01981A-D444-45DA-B2F7-D7F61B23B766}.Release|Any CPU.ActiveCfg = Release|Any CPU
		{CE01981A-D444-45DA-B2F7-D7F61B23B766}.Release|Any CPU.Build.0 = Release|Any CPU
		{6C3B9ABC-E8C2-4F89-A324-BB3ABB21E20F}.Debug|Any CPU.ActiveCfg = Debug|Any CPU
		{6C3B9ABC-E8C2-4F89-A324-BB3ABB21E20F}.Debug|Any CPU.Build.0 = Debug|Any CPU
		{6C3B9ABC-E8C2-4F89-A324-BB3ABB21E20F}.Release|Any CPU.ActiveCfg = Release|Any CPU
		{6C3B9ABC-E8C2-4F89-A324-BB3ABB21E20F}.Release|Any CPU.Build.0 = Release|Any CPU
		{1D789021-01F6-44A9-B3D6-C8AF7DA3C9E8}.Debug|Any CPU.ActiveCfg = Debug|Any CPU
		{1D789021-01F6-44A9-B3D6-C8AF7DA3C9E8}.Debug|Any CPU.Build.0 = Debug|Any CPU
		{1D789021-01F6-44A9-B3D6-C8AF7DA3C9E8}.Release|Any CPU.ActiveCfg = Release|Any CPU
		{1D789021-01F6-44A9-B3D6-C8AF7DA3C9E8}.Release|Any CPU.Build.0 = Release|Any CPU
		{5AE64D67-1664-4C4F-BCED-909160FF0D35}.Debug|Any CPU.ActiveCfg = Debug|Any CPU
		{5AE64D67-1664-4C4F-BCED-909160FF0D35}.Debug|Any CPU.Build.0 = Debug|Any CPU
		{5AE64D67-1664-4C4F-BCED-909160FF0D35}.Release|Any CPU.ActiveCfg = Release|Any CPU
		{5AE64D67-1664-4C4F-BCED-909160FF0D35}.Release|Any CPU.Build.0 = Release|Any CPU
		{BFCFBB81-1782-4ED6-80EE-72EFD6B2114E}.Debug|Any CPU.ActiveCfg = Debug|Any CPU
		{BFCFBB81-1782-4ED6-80EE-72EFD6B2114E}.Debug|Any CPU.Build.0 = Debug|Any CPU
		{BFCFBB81-1782-4ED6-80EE-72EFD6B2114E}.Release|Any CPU.ActiveCfg = Release|Any CPU
		{BFCFBB81-1782-4ED6-80EE-72EFD6B2114E}.Release|Any CPU.Build.0 = Release|Any CPU
		{2C18C962-B5EA-43D9-9539-5A08078B7356}.Debug|Any CPU.ActiveCfg = Debug|Any CPU
		{2C18C962-B5EA-43D9-9539-5A08078B7356}.Debug|Any CPU.Build.0 = Debug|Any CPU
		{2C18C962-B5EA-43D9-9539-5A08078B7356}.Release|Any CPU.ActiveCfg = Release|Any CPU
		{2C18C962-B5EA-43D9-9539-5A08078B7356}.Release|Any CPU.Build.0 = Release|Any CPU
		{8D5F31DF-F482-4CD0-89AC-8247FEB22BB0}.Debug|Any CPU.ActiveCfg = Debug|Any CPU
		{8D5F31DF-F482-4CD0-89AC-8247FEB22BB0}.Debug|Any CPU.Build.0 = Debug|Any CPU
		{8D5F31DF-F482-4CD0-89AC-8247FEB22BB0}.Release|Any CPU.ActiveCfg = Release|Any CPU
		{8D5F31DF-F482-4CD0-89AC-8247FEB22BB0}.Release|Any CPU.Build.0 = Release|Any CPU
		{08C3D0E6-10EF-484F-A9AE-D90B8E70904B}.Debug|Any CPU.ActiveCfg = Debug|Any CPU
		{08C3D0E6-10EF-484F-A9AE-D90B8E70904B}.Debug|Any CPU.Build.0 = Debug|Any CPU
		{08C3D0E6-10EF-484F-A9AE-D90B8E70904B}.Release|Any CPU.ActiveCfg = Release|Any CPU
		{08C3D0E6-10EF-484F-A9AE-D90B8E70904B}.Release|Any CPU.Build.0 = Release|Any CPU
	EndGlobalSection
	GlobalSection(SolutionProperties) = preSolution
		HideSolutionNode = FALSE
	EndGlobalSection
	GlobalSection(NestedProjects) = preSolution
		{27F04267-1D55-4EDD-AA0F-B80ECDEAA9C1} = {B14D2400-D6AA-4588-9226-B771B4212361}
		{D24E1D0F-92E0-4294-AB76-B65C63B9A56A} = {B14D2400-D6AA-4588-9226-B771B4212361}
		{CE01981A-D444-45DA-B2F7-D7F61B23B766} = {B14D2400-D6AA-4588-9226-B771B4212361}
		{6C3B9ABC-E8C2-4F89-A324-BB3ABB21E20F} = {EFD4722E-0D3F-4725-9A6A-8A3C0E506BB7}
		{4135AFD8-92E8-4A3E-81E2-D45C5F8EEFC8} = {B14D2400-D6AA-4588-9226-B771B4212361}
		{4D17A883-1990-44A4-839E-425C864B5AB7} = {B14D2400-D6AA-4588-9226-B771B4212361}
		{1D789021-01F6-44A9-B3D6-C8AF7DA3C9E8} = {4D17A883-1990-44A4-839E-425C864B5AB7}
		{5AE64D67-1664-4C4F-BCED-909160FF0D35} = {4135AFD8-92E8-4A3E-81E2-D45C5F8EEFC8}
		{BFCFBB81-1782-4ED6-80EE-72EFD6B2114E} = {4135AFD8-92E8-4A3E-81E2-D45C5F8EEFC8}
		{06BCD15C-576A-459B-90F8-792A2A601D47} = {B14D2400-D6AA-4588-9226-B771B4212361}
		{2C18C962-B5EA-43D9-9539-5A08078B7356} = {06BCD15C-576A-459B-90F8-792A2A601D47}
		{8D5F31DF-F482-4CD0-89AC-8247FEB22BB0} = {06BCD15C-576A-459B-90F8-792A2A601D47}
		{08C3D0E6-10EF-484F-A9AE-D90B8E70904B} = {06BCD15C-576A-459B-90F8-792A2A601D47}
	EndGlobalSection
	GlobalSection(ExtensibilityGlobals) = postSolution
		SolutionGuid = {B1A21D2E-F09F-4DFA-ABBE-A606D86EB041}
	EndGlobalSection
EndGlobal
